{
  "name": "ajs-platforms-uselibrary",
  "version": "1.0.0",
  "lockfileVersion": 1,
  "requires": true,
  "dependencies": {
    "@nikiteo/ajs-platforms": {
      "version": "1.0.0",
      "resolved": "https://npm.pkg.github.com/download/@nikiteo/ajs-platforms/1.0.0/cbea307613500f7f54f52d76950c6c6dd2c4ee2167e28b157730bc0652045585",
      "integrity": "sha512-PHjtbCoCowPFRUiR4f2ZWZVO0uOkHgcMSRunUUFrZNJk5wtgaZv+y/O8QAYv8HvFJjgbFdAc6X2vK0IvuL5Niw=="
    }
  }
}
